// !$*UTF8*$!
{
	archiveVersion = 1;
	classes = {
	};
	objectVersion = 46;
	objects = {

/* Begin PBXBuildFile section */
		DFDEF1A01BDAF51A002525EA /* RNSelectContactAddress.h in CopyFiles */ = {isa = PBXBuildFile; fileRef = DFDEF19F1BDAF51A002525EA /* RNSelectContactAddress.h */; };
		DFDEF1A21BDAF51A002525EA /* RNSelectContactAddress.m in Sources */ = {isa = PBXBuildFile; fileRef = DFDEF1A11BDAF51A002525EA /* RNSelectContactAddress.m */; };
		DFDEF1A81BDAF51A002525EA /* libRNSelectContactAddress.a in Frameworks */ = {isa = PBXBuildFile; fileRef = DFDEF19C1BDAF51A002525EA /* libRNSelectContactAddress.a */; };
/* End PBXBuildFile section */

/* Begin PBXContainerItemProxy section */
		DFDEF1A91BDAF51A002525EA /* PBXContainerItemProxy */ = {
			isa = PBXContainerItemProxy;
			containerPortal = DFDEF1941BDAF51A002525EA /* Project object */;
			proxyType = 1;
			remoteGlobalIDString = DFDEF19B1BDAF51A002525EA;
			remoteInfo = RNSelectContactAddress;
		};
/* End PBXContainerItemProxy section */

/* Begin PBXCopyFilesBuildPhase section */
		DFDEF19A1BDAF51A002525EA /* CopyFiles */ = {
			isa = PBXCopyFilesBuildPhase;
			buildActionMask = 2147483647;
			dstPath = "include/$(PRODUCT_NAME)";
			dstSubfolderSpec = 16;
			files = (
				DFDEF1A01BDAF51A002525EA /* RNSelectContactAddress.h in CopyFiles */,
			);
			runOnlyForDeploymentPostprocessing = 0;
		};
/* End PBXCopyFilesBuildPhase section */

/* Begin PBXFileReference section */
		DFDEF19C1BDAF51A002525EA /* libRNSelectContactAddress.a */ = {isa = PBXFileReference; explicitFileType = archive.ar; includeInIndex = 0; path = libRNSelectContactAddress.a; sourceTree = BUILT_PRODUCTS_DIR; };
		DFDEF19F1BDAF51A002525EA /* RNSelectContactAddress.h */ = {isa = PBXFileReference; lastKnownFileType = sourcecode.c.h; path = RNSelectContactAddress.h; sourceTree = "<group>"; };
		DFDEF1A11BDAF51A002525EA /* RNSelectContactAddress.m */ = {isa = PBXFileReference; lastKnownFileType = sourcecode.c.objc; path = RNSelectContactAddress.m; sourceTree = "<group>"; };
		DFDEF1A71BDAF51A002525EA /* RNSelectContactAddressTests.xctest */ = {isa = PBXFileReference; explicitFileType = wrapper.cfbundle; includeInIndex = 0; path = RNSelectContactAddressTests.xctest; sourceTree = BUILT_PRODUCTS_DIR; };
		DFDEF1AD1BDAF51A002525EA /* Info.plist */ = {isa = PBXFileReference; lastKnownFileType = text.plist.xml; path = Info.plist; sourceTree = "<group>"; };
/* End PBXFileReference section */

/* Begin PBXFrameworksBuildPhase section */
		DFDEF1991BDAF51A002525EA /* Frameworks */ = {
			isa = PBXFrameworksBuildPhase;
			buildActionMask = 2147483647;
			files = (
			);
			runOnlyForDeploymentPostprocessing = 0;
		};
		DFDEF1A41BDAF51A002525EA /* Frameworks */ = {
			isa = PBXFrameworksBuildPhase;
			buildActionMask = 2147483647;
			files = (
				DFDEF1A81BDAF51A002525EA /* libRNSelectContactAddress.a in Frameworks */,
			);
			runOnlyForDeploymentPostprocessing = 0;
		};
/* End PBXFrameworksBuildPhase section */

/* Begin PBXGroup section */
		DFDEF1931BDAF51A002525EA = {
			isa = PBXGroup;
			children = (
				DFDEF19E1BDAF51A002525EA /* RNSelectContactAddress */,
				DFDEF1AB1BDAF51A002525EA /* RNSelectContactAddressTests */,
				DFDEF19D1BDAF51A002525EA /* Products */,
			);
			sourceTree = "<group>";
		};
		DFDEF19D1BDAF51A002525EA /* Products */ = {
			isa = PBXGroup;
			children = (
				DFDEF19C1BDAF51A002525EA /* libRNSelectContactAddress.a */,
				DFDEF1A71BDAF51A002525EA /* RNSelectContactAddressTests.xctest */,
			);
			name = Products;
			sourceTree = "<group>";
		};
		DFDEF19E1BDAF51A002525EA /* RNSelectContactAddress */ = {
			isa = PBXGroup;
			children = (
				DFDEF19F1BDAF51A002525EA /* RNSelectContactAddress.h */,
				DFDEF1A11BDAF51A002525EA /* RNSelectContactAddress.m */,
			);
			path = RNSelectContactAddress;
			sourceTree = "<group>";
		};
		DFDEF1AB1BDAF51A002525EA /* RNSelectContactAddressTests */ = {
			isa = PBXGroup;
			children = (
				DFDEF1AC1BDAF51A002525EA /* Supporting Files */,
			);
			path = RNSelectContactAddressTests;
			sourceTree = "<group>";
		};
		DFDEF1AC1BDAF51A002525EA /* Supporting Files */ = {
			isa = PBXGroup;
			children = (
				DFDEF1AD1BDAF51A002525EA /* Info.plist */,
			);
			name = "Supporting Files";
			sourceTree = "<group>";
		};
/* End PBXGroup section */

/* Begin PBXNativeTarget section */
		DFDEF19B1BDAF51A002525EA /* RNSelectContactAddress */ = {
			isa = PBXNativeTarget;
			buildConfigurationList = DFDEF1B01BDAF51A002525EA /* Build configuration list for PBXNativeTarget "RNSelectContactAddress" */;
			buildPhases = (
				DFDEF1981BDAF51A002525EA /* Sources */,
				DFDEF1991BDAF51A002525EA /* Frameworks */,
				DFDEF19A1BDAF51A002525EA /* CopyFiles */,
			);
			buildRules = (
			);
			dependencies = (
			);
			name = RNSelectContactAddress;
			productName = RNSelectContactAddress;
			productReference = DFDEF19C1BDAF51A002525EA /* libRNSelectContactAddress.a */;
			productType = "com.apple.product-type.library.static";
		};
		DFDEF1A61BDAF51A002525EA /* RNSelectContactAddressTests */ = {
			isa = PBXNativeTarget;
			buildConfigurationList = DFDEF1B31BDAF51A002525EA /* Build configuration list for PBXNativeTarget "RNSelectContactAddressTests" */;
			buildPhases = (
				DFDEF1A31BDAF51A002525EA /* Sources */,
				DFDEF1A41BDAF51A002525EA /* Frameworks */,
				DFDEF1A51BDAF51A002525EA /* Resources */,
			);
			buildRules = (
			);
			dependencies = (
				DFDEF1AA1BDAF51A002525EA /* PBXTargetDependency */,
			);
			name = RNSelectContactAddressTests;
			productName = RNSelectContactAddressTests;
			productReference = DFDEF1A71BDAF51A002525EA /* RNSelectContactAddressTests.xctest */;
			productType = "com.apple.product-type.bundle.unit-test";
		};
/* End PBXNativeTarget section */

/* Begin PBXProject section */
		DFDEF1941BDAF51A002525EA /* Project object */ = {
			isa = PBXProject;
			attributes = {
				LastUpgradeCheck = 0640;
				ORGANIZATIONNAME = rhaker;
				TargetAttributes = {
					DFDEF19B1BDAF51A002525EA = {
						CreatedOnToolsVersion = 6.4;
					};
					DFDEF1A61BDAF51A002525EA = {
						CreatedOnToolsVersion = 6.4;
					};
				};
			};
			buildConfigurationList = DFDEF1971BDAF51A002525EA /* Build configuration list for PBXProject "RNSelectContactAddress" */;
			compatibilityVersion = "Xcode 3.2";
			developmentRegion = English;
			hasScannedForEncodings = 0;
			knownRegions = (
				en,
			);
			mainGroup = DFDEF1931BDAF51A002525EA;
			productRefGroup = DFDEF19D1BDAF51A002525EA /* Products */;
			projectDirPath = "";
			projectRoot = "";
			targets = (
				DFDEF19B1BDAF51A002525EA /* RNSelectContactAddress */,
				DFDEF1A61BDAF51A002525EA /* RNSelectContactAddressTests */,
			);
		};
/* End PBXProject section */

/* Begin PBXResourcesBuildPhase section */
		DFDEF1A51BDAF51A002525EA /* Resources */ = {
			isa = PBXResourcesBuildPhase;
			buildActionMask = 2147483647;
			files = (
			);
			runOnlyForDeploymentPostprocessing = 0;
		};
/* End PBXResourcesBuildPhase section */

/* Begin PBXSourcesBuildPhase section */
		DFDEF1981BDAF51A002525EA /* Sources */ = {
			isa = PBXSourcesBuildPhase;
			buildActionMask = 2147483647;
			files = (
				DFDEF1A21BDAF51A002525EA /* RNSelectContactAddress.m in Sources */,
			);
			runOnlyForDeploymentPostprocessing = 0;
		};
		DFDEF1A31BDAF51A002525EA /* Sources */ = {
			isa = PBXSourcesBuildPhase;
			buildActionMask = 2147483647;
			files = (
			);
			runOnlyForDeploymentPostprocessing = 0;
		};
/* End PBXSourcesBuildPhase section */

/* Begin PBXTargetDependency section */
		DFDEF1AA1BDAF51A002525EA /* PBXTargetDependency */ = {
			isa = PBXTargetDependency;
			target = DFDEF19B1BDAF51A002525EA /* RNSelectContactAddress */;
			targetProxy = DFDEF1A91BDAF51A002525EA /* PBXContainerItemProxy */;
		};
/* End PBXTargetDependency section */

/* Begin XCBuildConfiguration section */
		DFDEF1AE1BDAF51A002525EA /* Debug */ = {
			isa = XCBuildConfiguration;
			buildSettings = {
				ALWAYS_SEARCH_USER_PATHS = NO;
				CLANG_CXX_LANGUAGE_STANDARD = "gnu++0x";
				CLANG_CXX_LIBRARY = "libc++";
				CLANG_ENABLE_MODULES = YES;
				CLANG_ENABLE_OBJC_ARC = YES;
				CLANG_WARN_BOOL_CONVERSION = YES;
				CLANG_WARN_CONSTANT_CONVERSION = YES;
				CLANG_WARN_DIRECT_OBJC_ISA_USAGE = YES_ERROR;
				CLANG_WARN_EMPTY_BODY = YES;
				CLANG_WARN_ENUM_CONVERSION = YES;
				CLANG_WARN_INT_CONVERSION = YES;
				CLANG_WARN_OBJC_ROOT_CLASS = YES_ERROR;
				CLANG_WARN_UNREACHABLE_CODE = YES;
				CLANG_WARN__DUPLICATE_METHOD_MATCH = YES;
				COPY_PHASE_STRIP = NO;
				DEBUG_INFORMATION_FORMAT = "dwarf-with-dsym";
				ENABLE_STRICT_OBJC_MSGSEND = YES;
				GCC_C_LANGUAGE_STANDARD = gnu99;
				GCC_DYNAMIC_NO_PIC = NO;
				GCC_NO_COMMON_BLOCKS = YES;
				GCC_OPTIMIZATION_LEVEL = 0;
				GCC_PREPROCESSOR_DEFINITIONS = (
					"DEBUG=1",
					"$(inherited)",
				);
				GCC_SYMBOLS_PRIVATE_EXTERN = NO;
				GCC_WARN_64_TO_32_BIT_CONVERSION = YES;
				GCC_WARN_ABOUT_RETURN_TYPE = YES_ERROR;
				GCC_WARN_UNDECLARED_SELECTOR = YES;
				GCC_WARN_UNINITIALIZED_AUTOS = YES_AGGRESSIVE;
				GCC_WARN_UNUSED_FUNCTION = YES;
				GCC_WARN_UNUSED_VARIABLE = YES;
				HEADER_SEARCH_PATHS = (
					"$(inherited)",
					/Applications/Xcode.app/Contents/Developer/Toolchains/XcodeDefault.xctoolchain/usr/include,
					"$(SRCROOT)/node_modules/react-native/React/**",
					"$(SRCROOT)/../react-native/React/**",
				);
				IPHONEOS_DEPLOYMENT_TARGET = 8.4;
				MTL_ENABLE_DEBUG_INFO = YES;
				ONLY_ACTIVE_ARCH = YES;
				SDKROOT = iphoneos;
			};
			name = Debug;
		};
		DFDEF1AF1BDAF51A002525EA /* Release */ = {
			isa = XCBuildConfiguration;
			buildSettings = {
				ALWAYS_SEARCH_USER_PATHS = NO;
				CLANG_CXX_LANGUAGE_STANDARD = "gnu++0x";
				CLANG_CXX_LIBRARY = "libc++";
				CLANG_ENABLE_MODULES = YES;
				CLANG_ENABLE_OBJC_ARC = YES;
				CLANG_WARN_BOOL_CONVERSION = YES;
				CLANG_WARN_CONSTANT_CONVERSION = YES;
				CLANG_WARN_DIRECT_OBJC_ISA_USAGE = YES_ERROR;
				CLANG_WARN_EMPTY_BODY = YES;
				CLANG_WARN_ENUM_CONVERSION = YES;
				CLANG_WARN_INT_CONVERSION = YES;
				CLANG_WARN_OBJC_ROOT_CLASS = YES_ERROR;
				CLANG_WARN_UNREACHABLE_CODE = YES;
				CLANG_WARN__DUPLICATE_METHOD_MATCH = YES;
				COPY_PHASE_STRIP = NO;
				DEBUG_INFORMATION_FORMAT = "dwarf-with-dsym";
				ENABLE_NS_ASSERTIONS = NO;
				ENABLE_STRICT_OBJC_MSGSEND = YES;
				GCC_C_LANGUAGE_STANDARD = gnu99;
				GCC_NO_COMMON_BLOCKS = YES;
				GCC_WARN_64_TO_32_BIT_CONVERSION = YES;
				GCC_WARN_ABOUT_RETURN_TYPE = YES_ERROR;
				GCC_WARN_UNDECLARED_SELECTOR = YES;
				GCC_WARN_UNINITIALIZED_AUTOS = YES_AGGRESSIVE;
				GCC_WARN_UNUSED_FUNCTION = YES;
				GCC_WARN_UNUSED_VARIABLE = YES;
				HEADER_SEARCH_PATHS = (
					"$(inherited)",
					/Applications/Xcode.app/Contents/Developer/Toolchains/XcodeDefault.xctoolchain/usr/include,
					"$(SRCROOT)/node_modules/react-native/React/**",
					"$(SRCROOT)/../react-native/React/**",
				);
				IPHONEOS_DEPLOYMENT_TARGET = 8.4;
				MTL_ENABLE_DEBUG_INFO = NO;
				SDKROOT = iphoneos;
				VALIDATE_PRODUCT = YES;
			};
			name = Release;
		};
		DFDEF1B11BDAF51A002525EA /* Debug */ = {
			isa = XCBuildConfiguration;
			buildSettings = {
				HEADER_SEARCH_PATHS = (
					"$(inherited)",
					/Applications/Xcode.app/Contents/Developer/Toolchains/XcodeDefault.xctoolchain/usr/include,
					"$(SRCROOT)/node_modules/react-native/React/**",
					"$(SRCROOT)/../react-native/React/**",
				);
				OTHER_LDFLAGS = "-ObjC";
				PRODUCT_NAME = "$(TARGET_NAME)";
				SKIP_INSTALL = YES;
			};
			name = Debug;
		};
		DFDEF1B21BDAF51A002525EA /* Release */ = {
			isa = XCBuildConfiguration;
			buildSettings = {
				HEADER_SEARCH_PATHS = (
					"$(inherited)",
					/Applications/Xcode.app/Contents/Developer/Toolchains/XcodeDefault.xctoolchain/usr/include,
					"$(SRCROOT)/node_modules/react-native/React/**",
					"$(SRCROOT)/../react-native/React/**",
				);
				OTHER_LDFLAGS = "-ObjC";
				PRODUCT_NAME = "$(TARGET_NAME)";
				SKIP_INSTALL = YES;
			};
			name = Release;
		};
		DFDEF1B41BDAF51A002525EA /* Debug */ = {
			isa = XCBuildConfiguration;
			buildSettings = {
				"CODE_SIGN_IDENTITY[sdk=iphoneos*]" = "iPhone Developer";
				FRAMEWORK_SEARCH_PATHS = (
					"$(SDKROOT)/Developer/Library/Frameworks",
					"$(inherited)",
				);
				GCC_PREPROCESSOR_DEFINITIONS = (
					"DEBUG=1",
					"$(inherited)",
				);
				INFOPLIST_FILE = RNSelectContactAddressTests/Info.plist;
				LD_RUNPATH_SEARCH_PATHS = "$(inherited) @executable_path/Frameworks @loader_path/Frameworks";
				PRODUCT_NAME = "$(TARGET_NAME)";
			};
			name = Debug;
		};
		DFDEF1B51BDAF51A002525EA /* Release */ = {
			isa = XCBuildConfiguration;
			buildSettings = {
				"CODE_SIGN_IDENTITY[sdk=iphoneos*]" = "iPhone Developer";
				FRAMEWORK_SEARCH_PATHS = (
					"$(SDKROOT)/Developer/Library/Frameworks",
					"$(inherited)",
				);
				INFOPLIST_FILE = RNSelectContactAddressTests/Info.plist;
				LD_RUNPATH_SEARCH_PATHS = "$(inherited) @executable_path/Frameworks @loader_path/Frameworks";
				PRODUCT_NAME = "$(TARGET_NAME)";
			};
			name = Release;
		};
/* End XCBuildConfiguration section */

/* Begin XCConfigurationList section */
		DFDEF1971BDAF51A002525EA /* Build configuration list for PBXProject "RNSelectContactAddress" */ = {
			isa = XCConfigurationList;
			buildConfigurations = (
				DFDEF1AE1BDAF51A002525EA /* Debug */,
				DFDEF1AF1BDAF51A002525EA /* Release */,
			);
			defaultConfigurationIsVisible = 0;
			defaultConfigurationName = Release;
		};
		DFDEF1B01BDAF51A002525EA /* Build configuration list for PBXNativeTarget "RNSelectContactAddress" */ = {
			isa = XCConfigurationList;
			buildConfigurations = (
				DFDEF1B11BDAF51A002525EA /* Debug */,
				DFDEF1B21BDAF51A002525EA /* Release */,
			);
			defaultConfigurationIsVisible = 0;
		};
		DFDEF1B31BDAF51A002525EA /* Build configuration list for PBXNativeTarget "RNSelectContactAddressTests" */ = {
			isa = XCConfigurationList;
			buildConfigurations = (
				DFDEF1B41BDAF51A002525EA /* Debug */,
				DFDEF1B51BDAF51A002525EA /* Release */,
			);
			defaultConfigurationIsVisible = 0;
		};
/* End XCConfigurationList section */
	};
	rootObject = DFDEF1941BDAF51A002525EA /* Project object */;
}
